// !$*UTF8*$!
{
	archiveVersion = 1;
	classes = {
	};
	objectVersion = 50;
	objects = {

/* Begin PBXBuildFile section */
		9CEE8E4C24AD0C790052DF14 /* AppDelegate.swift in Sources */ = {isa = PBXBuildFile; fileRef = 9CEE8E4B24AD0C790052DF14 /* AppDelegate.swift */; };
		9CEE8E4E24AD0C790052DF14 /* SceneDelegate.swift in Sources */ = {isa = PBXBuildFile; fileRef = 9CEE8E4D24AD0C790052DF14 /* SceneDelegate.swift */; };
		9CEE8E5324AD0C790052DF14 /* Main.storyboard in Resources */ = {isa = PBXBuildFile; fileRef = 9CEE8E5124AD0C790052DF14 /* Main.storyboard */; };
		9CEE8E5524AD0C820052DF14 /* Assets.xcassets in Resources */ = {isa = PBXBuildFile; fileRef = 9CEE8E5424AD0C820052DF14 /* Assets.xcassets */; };
		9CEE8E5824AD0C820052DF14 /* LaunchScreen.storyboard in Resources */ = {isa = PBXBuildFile; fileRef = 9CEE8E5624AD0C820052DF14 /* LaunchScreen.storyboard */; };
		9CEE8E6024AD0DE00052DF14 /* ToDo.swift in Sources */ = {isa = PBXBuildFile; fileRef = 9CEE8E5F24AD0DE00052DF14 /* ToDo.swift */; };
		9CEE8E6224AD0E660052DF14 /* ToDoTableViewController.swift in Sources */ = {isa = PBXBuildFile; fileRef = 9CEE8E6124AD0E660052DF14 /* ToDoTableViewController.swift */; };
		9CEE8E6C24B3D9140052DF14 /* CreateToDoViewController.swift in Sources */ = {isa = PBXBuildFile; fileRef = 9CEE8E6B24B3D9140052DF14 /* CreateToDoViewController.swift */; };
		9CEE8E6E24B3D9400052DF14 /* CompleteViewController.swift in Sources */ = {isa = PBXBuildFile; fileRef = 9CEE8E6D24B3D9400052DF14 /* CompleteViewController.swift */; };
		9CEE8E7024B3D9950052DF14 /* ToDoTableViewCell.swift in Sources */ = {isa = PBXBuildFile; fileRef = 9CEE8E6F24B3D9950052DF14 /* ToDoTableViewCell.swift */; };
/* End PBXBuildFile section */

/* Begin PBXFileReference section */
		9CEE8E4824AD0C790052DF14 /* ToDo List.app */ = {isa = PBXFileReference; explicitFileType = wrapper.application; includeInIndex = 0; path = "ToDo List.app"; sourceTree = BUILT_PRODUCTS_DIR; };
		9CEE8E4B24AD0C790052DF14 /* AppDelegate.swift */ = {isa = PBXFileReference; lastKnownFileType = sourcecode.swift; path = AppDelegate.swift; sourceTree = "<group>"; };
		9CEE8E4D24AD0C790052DF14 /* SceneDelegate.swift */ = {isa = PBXFileReference; lastKnownFileType = sourcecode.swift; path = SceneDelegate.swift; sourceTree = "<group>"; };
		9CEE8E5224AD0C790052DF14 /* Base */ = {isa = PBXFileReference; lastKnownFileType = file.storyboard; name = Base; path = Base.lproj/Main.storyboard; sourceTree = "<group>"; };
		9CEE8E5424AD0C820052DF14 /* Assets.xcassets */ = {isa = PBXFileReference; lastKnownFileType = folder.assetcatalog; path = Assets.xcassets; sourceTree = "<group>"; };
		9CEE8E5724AD0C820052DF14 /* Base */ = {isa = PBXFileReference; lastKnownFileType = file.storyboard; name = Base; path = Base.lproj/LaunchScreen.storyboard; sourceTree = "<group>"; };
		9CEE8E5924AD0C820052DF14 /* Info.plist */ = {isa = PBXFileReference; lastKnownFileType = text.plist.xml; path = Info.plist; sourceTree = "<group>"; };
		9CEE8E5F24AD0DE00052DF14 /* ToDo.swift */ = {isa = PBXFileReference; lastKnownFileType = sourcecode.swift; path = ToDo.swift; sourceTree = "<group>"; };
		9CEE8E6124AD0E660052DF14 /* ToDoTableViewController.swift */ = {isa = PBXFileReference; lastKnownFileType = sourcecode.swift; path = ToDoTableViewController.swift; sourceTree = "<group>"; };
		9CEE8E6B24B3D9140052DF14 /* CreateToDoViewController.swift */ = {isa = PBXFileReference; lastKnownFileType = sourcecode.swift; path = CreateToDoViewController.swift; sourceTree = "<group>"; };
		9CEE8E6D24B3D9400052DF14 /* CompleteViewController.swift */ = {isa = PBXFileReference; lastKnownFileType = sourcecode.swift; path = CompleteViewController.swift; sourceTree = "<group>"; };
		9CEE8E6F24B3D9950052DF14 /* ToDoTableViewCell.swift */ = {isa = PBXFileReference; lastKnownFileType = sourcecode.swift; path = ToDoTableViewCell.swift; sourceTree = "<group>"; };
/* End PBXFileReference section */

/* Begin PBXFrameworksBuildPhase section */
		9CEE8E4524AD0C790052DF14 /* Frameworks */ = {
			isa = PBXFrameworksBuildPhase;
			buildActionMask = 2147483647;
			files = (
			);
			runOnlyForDeploymentPostprocessing = 0;
		};
/* End PBXFrameworksBuildPhase section */

/* Begin PBXGroup section */
		9CEE8E3F24AD0C790052DF14 = {
			isa = PBXGroup;
			children = (
				9CEE8E4A24AD0C790052DF14 /* ToDo List */,
				9CEE8E4924AD0C790052DF14 /* Products */,
			);
			sourceTree = "<group>";
		};
		9CEE8E4924AD0C790052DF14 /* Products */ = {
			isa = PBXGroup;
			children = (
				9CEE8E4824AD0C790052DF14 /* ToDo List.app */,
			);
			name = Products;
			sourceTree = "<group>";
		};
		9CEE8E4A24AD0C790052DF14 /* ToDo List */ = {
			isa = PBXGroup;
			children = (
				9CEE8E4B24AD0C790052DF14 /* AppDelegate.swift */,
				9CEE8E4D24AD0C790052DF14 /* SceneDelegate.swift */,
				9CEE8E5124AD0C790052DF14 /* Main.storyboard */,
				9CEE8E5424AD0C820052DF14 /* Assets.xcassets */,
				9CEE8E5624AD0C820052DF14 /* LaunchScreen.storyboard */,
				9CEE8E5924AD0C820052DF14 /* Info.plist */,
				9CEE8E5F24AD0DE00052DF14 /* ToDo.swift */,
				9CEE8E6124AD0E660052DF14 /* ToDoTableViewController.swift */,
				9CEE8E6B24B3D9140052DF14 /* CreateToDoViewController.swift */,
				9CEE8E6D24B3D9400052DF14 /* CompleteViewController.swift */,
				9CEE8E6F24B3D9950052DF14 /* ToDoTableViewCell.swift */,
			);
			path = "ToDo List";
			sourceTree = "<group>";
		};
/* End PBXGroup section */

/* Begin PBXNativeTarget section */
		9CEE8E4724AD0C790052DF14 /* ToDo List */ = {
			isa = PBXNativeTarget;
			buildConfigurationList = 9CEE8E5C24AD0C820052DF14 /* Build configuration list for PBXNativeTarget "ToDo List" */;
			buildPhases = (
				9CEE8E4424AD0C790052DF14 /* Sources */,
				9CEE8E4524AD0C790052DF14 /* Frameworks */,
				9CEE8E4624AD0C790052DF14 /* Resources */,
			);
			buildRules = (
			);
			dependencies = (
			);
			name = "ToDo List";
			productName = "ToDo List";
			productReference = 9CEE8E4824AD0C790052DF14 /* ToDo List.app */;
			productType = "com.apple.product-type.application";
		};
/* End PBXNativeTarget section */

/* Begin PBXProject section */
		9CEE8E4024AD0C790052DF14 /* Project object */ = {
			isa = PBXProject;
			attributes = {
				LastSwiftUpdateCheck = 1150;
				LastUpgradeCheck = 1150;
				ORGANIZATIONNAME = Protoalpha;
				TargetAttributes = {
					9CEE8E4724AD0C790052DF14 = {
						CreatedOnToolsVersion = 11.5;
					};
				};
			};
			buildConfigurationList = 9CEE8E4324AD0C790052DF14 /* Build configuration list for PBXProject "ToDo List" */;
			compatibilityVersion = "Xcode 9.3";
			developmentRegion = en;
			hasScannedForEncodings = 0;
			knownRegions = (
				en,
				Base,
			);
			mainGroup = 9CEE8E3F24AD0C790052DF14;
			productRefGroup = 9CEE8E4924AD0C790052DF14 /* Products */;
			projectDirPath = "";
			projectRoot = "";
			targets = (
				9CEE8E4724AD0C790052DF14 /* ToDo List */,
			);
		};
/* End PBXProject section */

/* Begin PBXResourcesBuildPhase section */
		9CEE8E4624AD0C790052DF14 /* Resources */ = {
			isa = PBXResourcesBuildPhase;
			buildActionMask = 2147483647;
			files = (
				9CEE8E5824AD0C820052DF14 /* LaunchScreen.storyboard in Resources */,
				9CEE8E5524AD0C820052DF14 /* Assets.xcassets in Resources */,
				9CEE8E5324AD0C790052DF14 /* Main.storyboard in Resources */,
			);
			runOnlyForDeploymentPostprocessing = 0;
		};
/* End PBXResourcesBuildPhase section */

/* Begin PBXSourcesBuildPhase section */
		9CEE8E4424AD0C790052DF14 /* Sources */ = {
			isa = PBXSourcesBuildPhase;
			buildActionMask = 2147483647;
			files = (
				9CEE8E7024B3D9950052DF14 /* ToDoTableViewCell.swift in Sources */,
				9CEE8E6024AD0DE00052DF14 /* ToDo.swift in Sources */,
				9CEE8E6224AD0E660052DF14 /* ToDoTableViewController.swift in Sources */,
				9CEE8E6C24B3D9140052DF14 /* CreateToDoViewController.swift in Sources */,
				9CEE8E4C24AD0C790052DF14 /* AppDelegate.swift in Sources */,
				9CEE8E4E24AD0C790052DF14 /* SceneDelegate.swift in Sources */,
				9CEE8E6E24B3D9400052DF14 /* CompleteViewController.swift in Sources */,
			);
			runOnlyForDeploymentPostprocessing = 0;
		};
/* End PBXSourcesBuildPhase section */

/* Begin PBXVariantGroup section */
		9CEE8E5124AD0C790052DF14 /* Main.storyboard */ = {
			isa = PBXVariantGroup;
			children = (
				9CEE8E5224AD0C790052DF14 /* Base */,
			);
			name = Main.storyboard;
			sourceTree = "<group>";
		};
		9CEE8E5624AD0C820052DF14 /* LaunchScreen.storyboard */ = {
			isa = PBXVariantGroup;
			children = (
				9CEE8E5724AD0C820052DF14 /* Base */,
			);
			name = LaunchScreen.storyboard;
			sourceTree = "<group>";
		};
/* End PBXVariantGroup section */

/* Begin XCBuildConfiguration section */
		9CEE8E5A24AD0C820052DF14 /* Debug */ = {
			isa = XCBuildConfiguration;
			buildSettings = {
				ALWAYS_SEARCH_USER_PATHS = NO;
				CLANG_ANALYZER_NONNULL = YES;
				CLANG_ANALYZER_NUMBER_OBJECT_CONVERSION = YES_AGGRESSIVE;
				CLANG_CXX_LANGUAGE_STANDARD = "gnu++14";
				CLANG_CXX_LIBRARY = "libc++";
				CLANG_ENABLE_MODULES = YES;
				CLANG_ENABLE_OBJC_ARC = YES;
				CLANG_ENABLE_OBJC_WEAK = YES;
				CLANG_WARN_BLOCK_CAPTURE_AUTORELEASING = YES;
				CLANG_WARN_BOOL_CONVERSION = YES;
				CLANG_WARN_COMMA = YES;
				CLANG_WARN_CONSTANT_CONVERSION = YES;
				CLANG_WARN_DEPRECATED_OBJC_IMPLEMENTATIONS = YES;
				CLANG_WARN_DIRECT_OBJC_ISA_USAGE = YES_ERROR;
				CLANG_WARN_DOCUMENTATION_COMMENTS = YES;
				CLANG_WARN_EMPTY_BODY = YES;
				CLANG_WARN_ENUM_CONVERSION = YES;
				CLANG_WARN_INFINITE_RECURSION = YES;
				CLANG_WARN_INT_CONVERSION = YES;
				CLANG_WARN_NON_LITERAL_NULL_CONVERSION = YES;
				CLANG_WARN_OBJC_IMPLICIT_RETAIN_SELF = YES;
				CLANG_WARN_OBJC_LITERAL_CONVERSION = YES;
				CLANG_WARN_OBJC_ROOT_CLASS = YES_ERROR;
				CLANG_WARN_RANGE_LOOP_ANALYSIS = YES;
				CLANG_WARN_STRICT_PROTOTYPES = YES;
				CLANG_WARN_SUSPICIOUS_MOVE = YES;
				CLANG_WARN_UNGUARDED_AVAILABILITY = YES_AGGRESSIVE;
				CLANG_WARN_UNREACHABLE_CODE = YES;
				CLANG_WARN__DUPLICATE_METHOD_MATCH = YES;
				COPY_PHASE_STRIP = NO;
				DEBUG_INFORMATION_FORMAT = dwarf;
				ENABLE_STRICT_OBJC_MSGSEND = YES;
				ENABLE_TESTABILITY = YES;
				GCC_C_LANGUAGE_STANDARD = gnu11;
				GCC_DYNAMIC_NO_PIC = NO;
				GCC_NO_COMMON_BLOCKS = YES;
				GCC_OPTIMIZATION_LEVEL = 0;
				GCC_PREPROCESSOR_DEFINITIONS = (
					"DEBUG=1",
					"$(inherited)",
				);
				GCC_WARN_64_TO_32_BIT_CONVERSION = YES;
				GCC_WARN_ABOUT_RETURN_TYPE = YES_ERROR;
				GCC_WARN_UNDECLARED_SELECTOR = YES;
				GCC_WARN_UNINITIALIZED_AUTOS = YES_AGGRESSIVE;
				GCC_WARN_UNUSED_FUNCTION = YES;
				GCC_WARN_UNUSED_VARIABLE = YES;
				IPHONEOS_DEPLOYMENT_TARGET = 13.5;
				MTL_ENABLE_DEBUG_INFO = INCLUDE_SOURCE;
				MTL_FAST_MATH = YES;
				ONLY_ACTIVE_ARCH = YES;
				SDKROOT = iphoneos;
				SWIFT_ACTIVE_COMPILATION_CONDITIONS = DEBUG;
				SWIFT_OPTIMIZATION_LEVEL = "-Onone";
			};
			name = Debug;
		};
		9CEE8E5B24AD0C820052DF14 /* Release */ = {
			isa = XCBuildConfiguration;
			buildSettings = {
				ALWAYS_SEARCH_USER_PATHS = NO;
				CLANG_ANALYZER_NONNULL = YES;
				CLANG_ANALYZER_NUMBER_OBJECT_CONVERSION = YES_AGGRESSIVE;
				CLANG_CXX_LANGUAGE_STANDARD = "gnu++14";
				CLANG_CXX_LIBRARY = "libc++";
				CLANG_ENABLE_MODULES = YES;
				CLANG_ENABLE_OBJC_ARC = YES;
				CLANG_ENABLE_OBJC_WEAK = YES;
				CLANG_WARN_BLOCK_CAPTURE_AUTORELEASING = YES;
				CLANG_WARN_BOOL_CONVERSION = YES;
				CLANG_WARN_COMMA = YES;
				CLANG_WARN_CONSTANT_CONVERSION = YES;
				CLANG_WARN_DEPRECATED_OBJC_IMPLEMENTATIONS = YES;
				CLANG_WARN_DIRECT_OBJC_ISA_USAGE = YES_ERROR;
				CLANG_WARN_DOCUMENTATION_COMMENTS = YES;
				CLANG_WARN_EMPTY_BODY = YES;
				CLANG_WARN_ENUM_CONVERSION = YES;
				CLANG_WARN_INFINITE_RECURSION = YES;
				CLANG_WARN_INT_CONVERSION = YES;
				CLANG_WARN_NON_LITERAL_NULL_CONVERSION = YES;
				CLANG_WARN_OBJC_IMPLICIT_RETAIN_SELF = YES;
				CLANG_WARN_OBJC_LITERAL_CONVERSION = YES;
				CLANG_WARN_OBJC_ROOT_CLASS = YES_ERROR;
				CLANG_WARN_RANGE_LOOP_ANALYSIS = YES;
				CLANG_WARN_STRICT_PROTOTYPES = YES;
				CLANG_WARN_SUSPICIOUS_MOVE = YES;
				CLANG_WARN_UNGUARDED_AVAILABILITY = YES_AGGRESSIVE;
				CLANG_WARN_UNREACHABLE_CODE = YES;
				CLANG_WARN__DUPLICATE_METHOD_MATCH = YES;
				COPY_PHASE_STRIP = NO;
				DEBUG_INFORMATION_FORMAT = "dwarf-with-dsym";
				ENABLE_NS_ASSERTIONS = NO;
				ENABLE_STRICT_OBJC_MSGSEND = YES;
				GCC_C_LANGUAGE_STANDARD = gnu11;
				GCC_NO_COMMON_BLOCKS = YES;
				GCC_WARN_64_TO_32_BIT_CONVERSION = YES;
				GCC_WARN_ABOUT_RETURN_TYPE = YES_ERROR;
				GCC_WARN_UNDECLARED_SELECTOR = YES;
				GCC_WARN_UNINITIALIZED_AUTOS = YES_AGGRESSIVE;
				GCC_WARN_UNUSED_FUNCTION = YES;
				GCC_WARN_UNUSED_VARIABLE = YES;
				IPHONEOS_DEPLOYMENT_TARGET = 13.5;
				MTL_ENABLE_DEBUG_INFO = NO;
				MTL_FAST_MATH = YES;
				SDKROOT = iphoneos;
				SWIFT_COMPILATION_MODE = wholemodule;
				SWIFT_OPTIMIZATION_LEVEL = "-O";
				VALIDATE_PRODUCT = YES;
			};
			name = Release;
		};
		9CEE8E5D24AD0C820052DF14 /* Debug */ = {
			isa = XCBuildConfiguration;
			buildSettings = {
				ASSETCATALOG_COMPILER_APPICON_NAME = AppIcon;
				CODE_SIGN_STYLE = Automatic;
				INFOPLIST_FILE = "ToDo List/Info.plist";
				IPHONEOS_DEPLOYMENT_TARGET = 13.2;
				LD_RUNPATH_SEARCH_PATHS = (
					"$(inherited)",
					"@executable_path/Frameworks",
				);
				PRODUCT_BUNDLE_IDENTIFIER = "co.protoalpha.ToDo-List";
				PRODUCT_NAME = "$(TARGET_NAME)";
				SWIFT_VERSION = 5.0;
				TARGETED_DEVICE_FAMILY = "1,2";
			};
			name = Debug;
		};
		9CEE8E5E24AD0C820052DF14 /* Release */ = {
			isa = XCBuildConfiguration;
			buildSettings = {
				ASSETCATALOG_COMPILER_APPICON_NAME = AppIcon;
				CODE_SIGN_STYLE = Automatic;
				INFOPLIST_FILE = "ToDo List/Info.plist";
				IPHONEOS_DEPLOYMENT_TARGET = 13.2;
				LD_RUNPATH_SEARCH_PATHS = (
					"$(inherited)",
					"@executable_path/Frameworks",
				);
				PRODUCT_BUNDLE_IDENTIFIER = "co.protoalpha.ToDo-List";
				PRODUCT_NAME = "$(TARGET_NAME)";
				SWIFT_VERSION = 5.0;
				TARGETED_DEVICE_FAMILY = "1,2";
			};
			name = Release;
		};
/* End XCBuildConfiguration section */

/* Begin XCConfigurationList section */
		9CEE8E4324AD0C790052DF14 /* Build configuration list for PBXProject "ToDo List" */ = {
			isa = XCConfigurationList;
			buildConfigurations = (
				9CEE8E5A24AD0C820052DF14 /* Debug */,
				9CEE8E5B24AD0C820052DF14 /* Release */,
			);
			defaultConfigurationIsVisible = 0;
			defaultConfigurationName = Release;
		};
		9CEE8E5C24AD0C820052DF14 /* Build configuration list for PBXNativeTarget "ToDo List" */ = {
			isa = XCConfigurationList;
			buildConfigurations = (
				9CEE8E5D24AD0C820052DF14 /* Debug */,
				9CEE8E5E24AD0C820052DF14 /* Release */,
			);
			defaultConfigurationIsVisible = 0;
			defaultConfigurationName = Release;
		};
/* End XCConfigurationList section */
	};
	rootObject = 9CEE8E4024AD0C790052DF14 /* Project object */;
}
